
Microsoft Visual Studio Solution File, Format Version 12.00
# Visual Studio Version 17
VisualStudioVersion = 17.4.33205.214
MinimumVisualStudioVersion = 10.0.40219.1
Project("{FAE04EC0-301F-11D3-BF4B-00C04F79EFBC}") = "FormRecognizer", "FormRecognizer\FormRecognizer.csproj", "{83039FD8-403D-4ADB-8C3B-4982A2A6C430}"
EndProject
Global
	GlobalSection(SolutionConfigurationPlatforms) = preSolution
		Debug|Any CPU = Debug|Any CPU
		Release|Any CPU = Release|Any CPU
	EndGlobalSection
	GlobalSection(ProjectConfigurationPlatforms) = postSolution
		{83039FD8-403D-4ADB-8C3B-4982A2A6C430}.Debug|Any CPU.ActiveCfg = Debug|Any CPU
		{83039FD8-403D-4ADB-8C3B-4982A2A6C430}.Debug|Any CPU.Build.0 = Debug|Any CPU
		{83039FD8-403D-4ADB-8C3B-4982A2A6C430}.Release|Any CPU.ActiveCfg = Release|Any CPU
		{83039FD8-403D-4ADB-8C3B-4982A2A6C430}.Release|Any CPU.Build.0 = Release|Any CPU
	EndGlobalSection
	GlobalSection(SolutionProperties) = preSolution
		HideSolutionNode = FALSE
	EndGlobalSection
	GlobalSection(ExtensibilityGlobals) = postSolution
		SolutionGuid = {27F6BD54-DD85-4667-A6FF-D74775EE7007}
	EndGlobalSection
EndGlobal
